// !$*UTF8*$!
{
	archiveVersion = 1;
	classes = {
	};
	objectVersion = 46;
	objects = {

/* Begin PBXBuildFile section */
		503C85D01CA3A11400D7584E /* AppDelegate.swift in Sources */ = {isa = PBXBuildFile; fileRef = 503C85CF1CA3A11400D7584E /* AppDelegate.swift */; };
		503C85D21CA3A11400D7584E /* ViewController.swift in Sources */ = {isa = PBXBuildFile; fileRef = 503C85D11CA3A11400D7584E /* ViewController.swift */; };
		503C85D51CA3A11500D7584E /* Main.storyboard in Resources */ = {isa = PBXBuildFile; fileRef = 503C85D31CA3A11500D7584E /* Main.storyboard */; };
		503C85D71CA3A11500D7584E /* Images.xcassets in Resources */ = {isa = PBXBuildFile; fileRef = 503C85D61CA3A11500D7584E /* Images.xcassets */; };
		503C85DA1CA3A11500D7584E /* LaunchScreen.xib in Resources */ = {isa = PBXBuildFile; fileRef = 503C85D81CA3A11500D7584E /* LaunchScreen.xib */; };
		503C85E61CA3A11500D7584E /* iBeaconsTests.swift in Sources */ = {isa = PBXBuildFile; fileRef = 503C85E51CA3A11500D7584E /* iBeaconsTests.swift */; };
		503C862D1CA3CBCE00D7584E /* AppDelegate.swift in Sources */ = {isa = PBXBuildFile; fileRef = 503C861F1CA3CBCE00D7584E /* AppDelegate.swift */; };
		503C862E1CA3CBCE00D7584E /* LaunchScreen.xib in Resources */ = {isa = PBXBuildFile; fileRef = 503C86201CA3CBCE00D7584E /* LaunchScreen.xib */; };
		503C862F1CA3CBCE00D7584E /* Main.storyboard in Resources */ = {isa = PBXBuildFile; fileRef = 503C86221CA3CBCE00D7584E /* Main.storyboard */; };
		503C86301CA3CBCE00D7584E /* Images.xcassets in Resources */ = {isa = PBXBuildFile; fileRef = 503C86241CA3CBCE00D7584E /* Images.xcassets */; };
		503C86311CA3CBCE00D7584E /* Info.plist in Resources */ = {isa = PBXBuildFile; fileRef = 503C86251CA3CBCE00D7584E /* Info.plist */; };
		503C86321CA3CBCE00D7584E /* ViewController.swift in Sources */ = {isa = PBXBuildFile; fileRef = 503C86261CA3CBCE00D7584E /* ViewController.swift */; };
		503C86331CA3CBCE00D7584E /* iBeacons_DestinationTests.swift in Sources */ = {isa = PBXBuildFile; fileRef = 503C862B1CA3CBCE00D7584E /* iBeacons_DestinationTests.swift */; };
		503C86341CA3CBCE00D7584E /* Info.plist in Resources */ = {isa = PBXBuildFile; fileRef = 503C862C1CA3CBCE00D7584E /* Info.plist */; };
/* End PBXBuildFile section */

/* Begin PBXContainerItemProxy section */
		503C85E01CA3A11500D7584E /* PBXContainerItemProxy */ = {
			isa = PBXContainerItemProxy;
			containerPortal = 503C85C21CA3A11400D7584E /* Project object */;
			proxyType = 1;
			remoteGlobalIDString = 503C85C91CA3A11400D7584E;
			remoteInfo = iBeacons;
		};
		503C86371CA3CBCE00D7584E /* PBXContainerItemProxy */ = {
			isa = PBXContainerItemProxy;
			containerPortal = 503C86271CA3CBCE00D7584E /* iBeacons-Destination.xcodeproj */;
			proxyType = 2;
			remoteGlobalIDString = 503C85F81CA3C1CE00D7584E;
			remoteInfo = "iBeacons-Destination";
		};
		503C86391CA3CBCE00D7584E /* PBXContainerItemProxy */ = {
			isa = PBXContainerItemProxy;
			containerPortal = 503C86271CA3CBCE00D7584E /* iBeacons-Destination.xcodeproj */;
			proxyType = 2;
			remoteGlobalIDString = 503C860D1CA3C1CF00D7584E;
			remoteInfo = "iBeacons-DestinationTests";
		};
/* End PBXContainerItemProxy section */

/* Begin PBXFileReference section */
		503C85CA1CA3A11400D7584E /* iBeacons.app */ = {isa = PBXFileReference; explicitFileType = wrapper.application; includeInIndex = 0; path = iBeacons.app; sourceTree = BUILT_PRODUCTS_DIR; };
		503C85CE1CA3A11400D7584E /* Info.plist */ = {isa = PBXFileReference; lastKnownFileType = text.plist.xml; path = Info.plist; sourceTree = "<group>"; };
		503C85CF1CA3A11400D7584E /* AppDelegate.swift */ = {isa = PBXFileReference; lastKnownFileType = sourcecode.swift; path = AppDelegate.swift; sourceTree = "<group>"; };
		503C85D11CA3A11400D7584E /* ViewController.swift */ = {isa = PBXFileReference; lastKnownFileType = sourcecode.swift; path = ViewController.swift; sourceTree = "<group>"; };
		503C85D41CA3A11500D7584E /* Base */ = {isa = PBXFileReference; lastKnownFileType = file.storyboard; name = Base; path = Base.lproj/Main.storyboard; sourceTree = "<group>"; };
		503C85D61CA3A11500D7584E /* Images.xcassets */ = {isa = PBXFileReference; lastKnownFileType = folder.assetcatalog; path = Images.xcassets; sourceTree = "<group>"; };
		503C85D91CA3A11500D7584E /* Base */ = {isa = PBXFileReference; lastKnownFileType = file.xib; name = Base; path = Base.lproj/LaunchScreen.xib; sourceTree = "<group>"; };
		503C85DF1CA3A11500D7584E /* iBeaconsTests.xctest */ = {isa = PBXFileReference; explicitFileType = wrapper.cfbundle; includeInIndex = 0; path = iBeaconsTests.xctest; sourceTree = BUILT_PRODUCTS_DIR; };
		503C85E41CA3A11500D7584E /* Info.plist */ = {isa = PBXFileReference; lastKnownFileType = text.plist.xml; path = Info.plist; sourceTree = "<group>"; };
		503C85E51CA3A11500D7584E /* iBeaconsTests.swift */ = {isa = PBXFileReference; lastKnownFileType = sourcecode.swift; path = iBeaconsTests.swift; sourceTree = "<group>"; };
		503C861F1CA3CBCE00D7584E /* AppDelegate.swift */ = {isa = PBXFileReference; fileEncoding = 4; lastKnownFileType = sourcecode.swift; path = AppDelegate.swift; sourceTree = "<group>"; };
		503C86211CA3CBCE00D7584E /* Base */ = {isa = PBXFileReference; lastKnownFileType = file.xib; name = Base; path = Base.lproj/LaunchScreen.xib; sourceTree = "<group>"; };
		503C86231CA3CBCE00D7584E /* Base */ = {isa = PBXFileReference; lastKnownFileType = file.storyboard; name = Base; path = Base.lproj/Main.storyboard; sourceTree = "<group>"; };
		503C86241CA3CBCE00D7584E /* Images.xcassets */ = {isa = PBXFileReference; lastKnownFileType = folder.assetcatalog; path = Images.xcassets; sourceTree = "<group>"; };
		503C86251CA3CBCE00D7584E /* Info.plist */ = {isa = PBXFileReference; fileEncoding = 4; lastKnownFileType = text.plist.xml; path = Info.plist; sourceTree = "<group>"; };
		503C86261CA3CBCE00D7584E /* ViewController.swift */ = {isa = PBXFileReference; fileEncoding = 4; lastKnownFileType = sourcecode.swift; path = ViewController.swift; sourceTree = "<group>"; };
		503C86271CA3CBCE00D7584E /* iBeacons-Destination.xcodeproj */ = {isa = PBXFileReference; lastKnownFileType = "wrapper.pb-project"; path = "iBeacons-Destination.xcodeproj"; sourceTree = "<group>"; };
		503C862B1CA3CBCE00D7584E /* iBeacons_DestinationTests.swift */ = {isa = PBXFileReference; fileEncoding = 4; lastKnownFileType = sourcecode.swift; path = iBeacons_DestinationTests.swift; sourceTree = "<group>"; };
		503C862C1CA3CBCE00D7584E /* Info.plist */ = {isa = PBXFileReference; fileEncoding = 4; lastKnownFileType = text.plist.xml; path = Info.plist; sourceTree = "<group>"; };
/* End PBXFileReference section */

/* Begin PBXFrameworksBuildPhase section */
		503C85C71CA3A11400D7584E /* Frameworks */ = {
			isa = PBXFrameworksBuildPhase;
			buildActionMask = 2147483647;
			files = (
			);
			runOnlyForDeploymentPostprocessing = 0;
		};
		503C85DC1CA3A11500D7584E /* Frameworks */ = {
			isa = PBXFrameworksBuildPhase;
			buildActionMask = 2147483647;
			files = (
			);
			runOnlyForDeploymentPostprocessing = 0;
		};
/* End PBXFrameworksBuildPhase section */

/* Begin PBXGroup section */
		503C85C11CA3A11400D7584E = {
			isa = PBXGroup;
			children = (
				503C861D1CA3CBCE00D7584E /* iBeacons-Destination */,
				503C85CC1CA3A11400D7584E /* iBeacons */,
				503C85E21CA3A11500D7584E /* iBeaconsTests */,
				503C85CB1CA3A11400D7584E /* Products */,
			);
			sourceTree = "<group>";
		};
		503C85CB1CA3A11400D7584E /* Products */ = {
			isa = PBXGroup;
			children = (
				503C85CA1CA3A11400D7584E /* iBeacons.app */,
				503C85DF1CA3A11500D7584E /* iBeaconsTests.xctest */,
			);
			name = Products;
			sourceTree = "<group>";
		};
		503C85CC1CA3A11400D7584E /* iBeacons */ = {
			isa = PBXGroup;
			children = (
				503C85CF1CA3A11400D7584E /* AppDelegate.swift */,
				503C85D11CA3A11400D7584E /* ViewController.swift */,
				503C85D31CA3A11500D7584E /* Main.storyboard */,
				503C85D61CA3A11500D7584E /* Images.xcassets */,
				503C85D81CA3A11500D7584E /* LaunchScreen.xib */,
				503C85CD1CA3A11400D7584E /* Supporting Files */,
			);
			path = iBeacons;
			sourceTree = "<group>";
		};
		503C85CD1CA3A11400D7584E /* Supporting Files */ = {
			isa = PBXGroup;
			children = (
				503C85CE1CA3A11400D7584E /* Info.plist */,
			);
			name = "Supporting Files";
			sourceTree = "<group>";
		};
		503C85E21CA3A11500D7584E /* iBeaconsTests */ = {
			isa = PBXGroup;
			children = (
				503C85E51CA3A11500D7584E /* iBeaconsTests.swift */,
				503C85E31CA3A11500D7584E /* Supporting Files */,
			);
			path = iBeaconsTests;
			sourceTree = "<group>";
		};
		503C85E31CA3A11500D7584E /* Supporting Files */ = {
			isa = PBXGroup;
			children = (
				503C85E41CA3A11500D7584E /* Info.plist */,
			);
			name = "Supporting Files";
			sourceTree = "<group>";
		};
		503C861D1CA3CBCE00D7584E /* iBeacons-Destination */ = {
			isa = PBXGroup;
			children = (
				503C861E1CA3CBCE00D7584E /* iBeacons-Destination */,
				503C86271CA3CBCE00D7584E /* iBeacons-Destination.xcodeproj */,
				503C862A1CA3CBCE00D7584E /* iBeacons-DestinationTests */,
			);
			path = "iBeacons-Destination";
			sourceTree = "<group>";
		};
		503C861E1CA3CBCE00D7584E /* iBeacons-Destination */ = {
			isa = PBXGroup;
			children = (
				503C861F1CA3CBCE00D7584E /* AppDelegate.swift */,
				503C86201CA3CBCE00D7584E /* LaunchScreen.xib */,
				503C86221CA3CBCE00D7584E /* Main.storyboard */,
				503C86241CA3CBCE00D7584E /* Images.xcassets */,
				503C86251CA3CBCE00D7584E /* Info.plist */,
				503C86261CA3CBCE00D7584E /* ViewController.swift */,
			);
			path = "iBeacons-Destination";
			sourceTree = "<group>";
		};
		503C86281CA3CBCE00D7584E /* Products */ = {
			isa = PBXGroup;
			children = (
				503C86381CA3CBCE00D7584E /* iBeacons-Destination.app */,
				503C863A1CA3CBCE00D7584E /* iBeacons-DestinationTests.xctest */,
			);
			name = Products;
			sourceTree = "<group>";
		};
		503C862A1CA3CBCE00D7584E /* iBeacons-DestinationTests */ = {
			isa = PBXGroup;
			children = (
				503C862B1CA3CBCE00D7584E /* iBeacons_DestinationTests.swift */,
				503C862C1CA3CBCE00D7584E /* Info.plist */,
			);
			path = "iBeacons-DestinationTests";
			sourceTree = "<group>";
		};
/* End PBXGroup section */

/* Begin PBXNativeTarget section */
		503C85C91CA3A11400D7584E /* iBeacons */ = {
			isa = PBXNativeTarget;
			buildConfigurationList = 503C85E91CA3A11500D7584E /* Build configuration list for PBXNativeTarget "iBeacons" */;
			buildPhases = (
				503C85C61CA3A11400D7584E /* Sources */,
				503C85C71CA3A11400D7584E /* Frameworks */,
				503C85C81CA3A11400D7584E /* Resources */,
			);
			buildRules = (
			);
			dependencies = (
			);
			name = iBeacons;
			productName = iBeacons;
			productReference = 503C85CA1CA3A11400D7584E /* iBeacons.app */;
			productType = "com.apple.product-type.application";
		};
		503C85DE1CA3A11500D7584E /* iBeaconsTests */ = {
			isa = PBXNativeTarget;
			buildConfigurationList = 503C85EC1CA3A11500D7584E /* Build configuration list for PBXNativeTarget "iBeaconsTests" */;
			buildPhases = (
				503C85DB1CA3A11500D7584E /* Sources */,
				503C85DC1CA3A11500D7584E /* Frameworks */,
				503C85DD1CA3A11500D7584E /* Resources */,
			);
			buildRules = (
			);
			dependencies = (
				503C85E11CA3A11500D7584E /* PBXTargetDependency */,
			);
			name = iBeaconsTests;
			productName = iBeaconsTests;
			productReference = 503C85DF1CA3A11500D7584E /* iBeaconsTests.xctest */;
			productType = "com.apple.product-type.bundle.unit-test";
		};
/* End PBXNativeTarget section */

/* Begin PBXProject section */
		503C85C21CA3A11400D7584E /* Project object */ = {
			isa = PBXProject;
			attributes = {
				LastUpgradeCheck = 0610;
				ORGANIZATIONNAME = Enclave;
				TargetAttributes = {
					503C85C91CA3A11400D7584E = {
						CreatedOnToolsVersion = 6.1;
					};
					503C85DE1CA3A11500D7584E = {
						CreatedOnToolsVersion = 6.1;
						TestTargetID = 503C85C91CA3A11400D7584E;
					};
				};
			};
			buildConfigurationList = 503C85C51CA3A11400D7584E /* Build configuration list for PBXProject "iBeacons" */;
			compatibilityVersion = "Xcode 3.2";
			developmentRegion = English;
			hasScannedForEncodings = 0;
			knownRegions = (
				en,
				Base,
			);
			mainGroup = 503C85C11CA3A11400D7584E;
			productRefGroup = 503C85CB1CA3A11400D7584E /* Products */;
			projectDirPath = "";
			projectReferences = (
				{
					ProductGroup = 503C86281CA3CBCE00D7584E /* Products */;
					ProjectRef = 503C86271CA3CBCE00D7584E /* iBeacons-Destination.xcodeproj */;
				},
			);
			projectRoot = "";
			targets = (
				503C85C91CA3A11400D7584E /* iBeacons */,
				503C85DE1CA3A11500D7584E /* iBeaconsTests */,
			);
		};
/* End PBXProject section */

/* Begin PBXReferenceProxy section */
		503C86381CA3CBCE00D7584E /* iBeacons-Destination.app */ = {
			isa = PBXReferenceProxy;
			fileType = wrapper.application;
			path = "iBeacons-Destination.app";
			remoteRef = 503C86371CA3CBCE00D7584E /* PBXContainerItemProxy */;
			sourceTree = BUILT_PRODUCTS_DIR;
		};
		503C863A1CA3CBCE00D7584E /* iBeacons-DestinationTests.xctest */ = {
			isa = PBXReferenceProxy;
			fileType = wrapper.cfbundle;
			path = "iBeacons-DestinationTests.xctest";
			remoteRef = 503C86391CA3CBCE00D7584E /* PBXContainerItemProxy */;
			sourceTree = BUILT_PRODUCTS_DIR;
		};
/* End PBXReferenceProxy section */

/* Begin PBXResourcesBuildPhase section */
		503C85C81CA3A11400D7584E /* Resources */ = {
			isa = PBXResourcesBuildPhase;
			buildActionMask = 2147483647;
			files = (
				503C86341CA3CBCE00D7584E /* Info.plist in Resources */,
				503C862E1CA3CBCE00D7584E /* LaunchScreen.xib in Resources */,
				503C862F1CA3CBCE00D7584E /* Main.storyboard in Resources */,
				503C85D51CA3A11500D7584E /* Main.storyboard in Resources */,
				503C86301CA3CBCE00D7584E /* Images.xcassets in Resources */,
				503C85DA1CA3A11500D7584E /* LaunchScreen.xib in Resources */,
				503C85D71CA3A11500D7584E /* Images.xcassets in Resources */,
				503C86311CA3CBCE00D7584E /* Info.plist in Resources */,
			);
			runOnlyForDeploymentPostprocessing = 0;
		};
		503C85DD1CA3A11500D7584E /* Resources */ = {
			isa = PBXResourcesBuildPhase;
			buildActionMask = 2147483647;
			files = (
			);
			runOnlyForDeploymentPostprocessing = 0;
		};
/* End PBXResourcesBuildPhase section */

/* Begin PBXSourcesBuildPhase section */
		503C85C61CA3A11400D7584E /* Sources */ = {
			isa = PBXSourcesBuildPhase;
			buildActionMask = 2147483647;
			files = (
				503C862D1CA3CBCE00D7584E /* AppDelegate.swift in Sources */,
				503C85D21CA3A11400D7584E /* ViewController.swift in Sources */,
				503C86321CA3CBCE00D7584E /* ViewController.swift in Sources */,
				503C85D01CA3A11400D7584E /* AppDelegate.swift in Sources */,
				503C86331CA3CBCE00D7584E /* iBeacons_DestinationTests.swift in Sources */,
			);
			runOnlyForDeploymentPostprocessing = 0;
		};
		503C85DB1CA3A11500D7584E /* Sources */ = {
			isa = PBXSourcesBuildPhase;
			buildActionMask = 2147483647;
			files = (
				503C85E61CA3A11500D7584E /* iBeaconsTests.swift in Sources */,
			);
			runOnlyForDeploymentPostprocessing = 0;
		};
/* End PBXSourcesBuildPhase section */

/* Begin PBXTargetDependency section */
		503C85E11CA3A11500D7584E /* PBXTargetDependency */ = {
			isa = PBXTargetDependency;
			target = 503C85C91CA3A11400D7584E /* iBeacons */;
			targetProxy = 503C85E01CA3A11500D7584E /* PBXContainerItemProxy */;
		};
/* End PBXTargetDependency section */

/* Begin PBXVariantGroup section */
		503C85D31CA3A11500D7584E /* Main.storyboard */ = {
			isa = PBXVariantGroup;
			children = (
				503C85D41CA3A11500D7584E /* Base */,
			);
			name = Main.storyboard;
			sourceTree = "<group>";
		};
		503C85D81CA3A11500D7584E /* LaunchScreen.xib */ = {
			isa = PBXVariantGroup;
			children = (
				503C85D91CA3A11500D7584E /* Base */,
			);
			name = LaunchScreen.xib;
			sourceTree = "<group>";
		};
		503C86201CA3CBCE00D7584E /* LaunchScreen.xib */ = {
			isa = PBXVariantGroup;
			children = (
				503C86211CA3CBCE00D7584E /* Base */,
			);
			name = LaunchScreen.xib;
			sourceTree = "<group>";
		};
		503C86221CA3CBCE00D7584E /* Main.storyboard */ = {
			isa = PBXVariantGroup;
			children = (
				503C86231CA3CBCE00D7584E /* Base */,
			);
			name = Main.storyboard;
			sourceTree = "<group>";
		};
/* End PBXVariantGroup section */

/* Begin XCBuildConfiguration section */
		503C85E71CA3A11500D7584E /* Debug */ = {
			isa = XCBuildConfiguration;
			buildSettings = {
				ALWAYS_SEARCH_USER_PATHS = NO;
				CLANG_CXX_LANGUAGE_STANDARD = "gnu++0x";
				CLANG_CXX_LIBRARY = "libc++";
				CLANG_ENABLE_MODULES = YES;
				CLANG_ENABLE_OBJC_ARC = YES;
				CLANG_WARN_BOOL_CONVERSION = YES;
				CLANG_WARN_CONSTANT_CONVERSION = YES;
				CLANG_WARN_DIRECT_OBJC_ISA_USAGE = YES_ERROR;
				CLANG_WARN_EMPTY_BODY = YES;
				CLANG_WARN_ENUM_CONVERSION = YES;
				CLANG_WARN_INT_CONVERSION = YES;
				CLANG_WARN_OBJC_ROOT_CLASS = YES_ERROR;
				CLANG_WARN_UNREACHABLE_CODE = YES;
				CLANG_WARN__DUPLICATE_METHOD_MATCH = YES;
				"CODE_SIGN_IDENTITY[sdk=iphoneos*]" = "iPhone Developer";
				COPY_PHASE_STRIP = NO;
				ENABLE_STRICT_OBJC_MSGSEND = YES;
				GCC_C_LANGUAGE_STANDARD = gnu99;
				GCC_DYNAMIC_NO_PIC = NO;
				GCC_OPTIMIZATION_LEVEL = 0;
				GCC_PREPROCESSOR_DEFINITIONS = (
					"DEBUG=1",
					"$(inherited)",
				);
				GCC_SYMBOLS_PRIVATE_EXTERN = NO;
				GCC_WARN_64_TO_32_BIT_CONVERSION = YES;
				GCC_WARN_ABOUT_RETURN_TYPE = YES_ERROR;
				GCC_WARN_UNDECLARED_SELECTOR = YES;
				GCC_WARN_UNINITIALIZED_AUTOS = YES_AGGRESSIVE;
				GCC_WARN_UNUSED_FUNCTION = YES;
				GCC_WARN_UNUSED_VARIABLE = YES;
				IPHONEOS_DEPLOYMENT_TARGET = 8.1;
				MTL_ENABLE_DEBUG_INFO = YES;
				ONLY_ACTIVE_ARCH = YES;
				SDKROOT = iphoneos;
				SWIFT_OPTIMIZATION_LEVEL = "-Onone";
			};
			name = Debug;
		};
		503C85E81CA3A11500D7584E /* Release */ = {
			isa = XCBuildConfiguration;
			buildSettings = {
				ALWAYS_SEARCH_USER_PATHS = NO;
				CLANG_CXX_LANGUAGE_STANDARD = "gnu++0x";
				CLANG_CXX_LIBRARY = "libc++";
				CLANG_ENABLE_MODULES = YES;
				CLANG_ENABLE_OBJC_ARC = YES;
				CLANG_WARN_BOOL_CONVERSION = YES;
				CLANG_WARN_CONSTANT_CONVERSION = YES;
				CLANG_WARN_DIRECT_OBJC_ISA_USAGE = YES_ERROR;
				CLANG_WARN_EMPTY_BODY = YES;
				CLANG_WARN_ENUM_CONVERSION = YES;
				CLANG_WARN_INT_CONVERSION = YES;
				CLANG_WARN_OBJC_ROOT_CLASS = YES_ERROR;
				CLANG_WARN_UNREACHABLE_CODE = YES;
				CLANG_WARN__DUPLICATE_METHOD_MATCH = YES;
				"CODE_SIGN_IDENTITY[sdk=iphoneos*]" = "iPhone Developer";
				COPY_PHASE_STRIP = YES;
				ENABLE_NS_ASSERTIONS = NO;
				ENABLE_STRICT_OBJC_MSGSEND = YES;
				GCC_C_LANGUAGE_STANDARD = gnu99;
				GCC_WARN_64_TO_32_BIT_CONVERSION = YES;
				GCC_WARN_ABOUT_RETURN_TYPE = YES_ERROR;
				GCC_WARN_UNDECLARED_SELECTOR = YES;
				GCC_WARN_UNINITIALIZED_AUTOS = YES_AGGRESSIVE;
				GCC_WARN_UNUSED_FUNCTION = YES;
				GCC_WARN_UNUSED_VARIABLE = YES;
				IPHONEOS_DEPLOYMENT_TARGET = 8.1;
				MTL_ENABLE_DEBUG_INFO = NO;
				SDKROOT = iphoneos;
				VALIDATE_PRODUCT = YES;
			};
			name = Release;
		};
		503C85EA1CA3A11500D7584E /* Debug */ = {
			isa = XCBuildConfiguration;
			buildSettings = {
				ASSETCATALOG_COMPILER_APPICON_NAME = AppIcon;
				INFOPLIST_FILE = iBeacons/Info.plist;
				IPHONEOS_DEPLOYMENT_TARGET = 7.1;
				LD_RUNPATH_SEARCH_PATHS = "$(inherited) @executable_path/Frameworks";
				PRODUCT_NAME = "$(TARGET_NAME)";
			};
			name = Debug;
		};
		503C85EB1CA3A11500D7584E /* Release */ = {
			isa = XCBuildConfiguration;
			buildSettings = {
				ASSETCATALOG_COMPILER_APPICON_NAME = AppIcon;
				INFOPLIST_FILE = iBeacons/Info.plist;
				IPHONEOS_DEPLOYMENT_TARGET = 7.1;
				LD_RUNPATH_SEARCH_PATHS = "$(inherited) @executable_path/Frameworks";
				PRODUCT_NAME = "$(TARGET_NAME)";
			};
			name = Release;
		};
		503C85ED1CA3A11500D7584E /* Debug */ = {
			isa = XCBuildConfiguration;
			buildSettings = {
				BUNDLE_LOADER = "$(TEST_HOST)";
				FRAMEWORK_SEARCH_PATHS = (
					"$(SDKROOT)/Developer/Library/Frameworks",
					"$(inherited)",
				);
				GCC_PREPROCESSOR_DEFINITIONS = (
					"DEBUG=1",
					"$(inherited)",
				);
				INFOPLIST_FILE = iBeaconsTests/Info.plist;
				LD_RUNPATH_SEARCH_PATHS = "$(inherited) @executable_path/Frameworks @loader_path/Frameworks";
				PRODUCT_NAME = "$(TARGET_NAME)";
				TEST_HOST = "$(BUILT_PRODUCTS_DIR)/iBeacons.app/iBeacons";
			};
			name = Debug;
		};
		503C85EE1CA3A11500D7584E /* Release */ = {
			isa = XCBuildConfiguration;
			buildSettings = {
				BUNDLE_LOADER = "$(TEST_HOST)";
				FRAMEWORK_SEARCH_PATHS = (
					"$(SDKROOT)/Developer/Library/Frameworks",
					"$(inherited)",
				);
				INFOPLIST_FILE = iBeaconsTests/Info.plist;
				LD_RUNPATH_SEARCH_PATHS = "$(inherited) @executable_path/Frameworks @loader_path/Frameworks";
				PRODUCT_NAME = "$(TARGET_NAME)";
				TEST_HOST = "$(BUILT_PRODUCTS_DIR)/iBeacons.app/iBeacons";
			};
			name = Release;
		};
/* End XCBuildConfiguration section */

/* Begin XCConfigurationList section */
		503C85C51CA3A11400D7584E /* Build configuration list for PBXProject "iBeacons" */ = {
			isa = XCConfigurationList;
			buildConfigurations = (
				503C85E71CA3A11500D7584E /* Debug */,
				503C85E81CA3A11500D7584E /* Release */,
			);
			defaultConfigurationIsVisible = 0;
			defaultConfigurationName = Release;
		};
		503C85E91CA3A11500D7584E /* Build configuration list for PBXNativeTarget "iBeacons" */ = {
			isa = XCConfigurationList;
			buildConfigurations = (
				503C85EA1CA3A11500D7584E /* Debug */,
				503C85EB1CA3A11500D7584E /* Release */,
			);
			defaultConfigurationIsVisible = 0;
			defaultConfigurationName = Release;
		};
		503C85EC1CA3A11500D7584E /* Build configuration list for PBXNativeTarget "iBeaconsTests" */ = {
			isa = XCConfigurationList;
			buildConfigurations = (
				503C85ED1CA3A11500D7584E /* Debug */,
				503C85EE1CA3A11500D7584E /* Release */,
			);
			defaultConfigurationIsVisible = 0;
			defaultConfigurationName = Release;
		};
/* End XCConfigurationList section */
	};
	rootObject = 503C85C21CA3A11400D7584E /* Project object */;
}
